Microsoft Visual Studio Solution File, Format Version 12.00
# Visual Studio Version 17
VisualStudioVersion = 17.5.2.0
MinimumVisualStudioVersion = 10.0.40219.1
Project("{2150E333-8FDC-42A3-9474-1A3956D46DE8}") = "legacy", "legacy", "{871BE218-8F83-E3CD-0B70-B1CC1745EA7C}"
EndProject
Project("{2150E333-8FDC-42A3-9474-1A3956D46DE8}") = "tools", "tools", "{69F3A134-5486-D476-EA5D-41AA4B24BCC2}"
EndProject
Project("{2150E333-8FDC-42A3-9474-1A3956D46DE8}") = "Tranfs_Retrobat_Config (1)", "Tranfs_Retrobat_Config (1)", "{A7F8A632-8EEA-5923-817D-58878C1A8DD8}"
EndProject
Project("{FAE04EC0-301F-11D3-BF4B-00C04F79EFBC}") = "RetroBatConfigSync", "legacy\tools\Tranfs_Retrobat_Config\RetroBatConfigSync.csproj", "{C136AA99-709C-B3AE-AAB8-AD05CCB6438D}"
EndProject
Project("{FAE04EC0-301F-11D3-BF4B-00C04F79EFBC}") = "Tranfs_Retrobat_Config", "legacy\tools\Tranfs_Retrobat_Config\Tranfs_Retrobat_Config.csproj", "{E383C6A2-6C75-0416-6116-3C035233ABFA}"
EndProject
Global
	GlobalSection(SolutionConfigurationPlatforms) = preSolution
		Debug|Any CPU = Debug|Any CPU
		Release|Any CPU = Release|Any CPU
	EndGlobalSection
	GlobalSection(ProjectConfigurationPlatforms) = postSolution
		{C136AA99-709C-B3AE-AAB8-AD05CCB6438D}.Debug|Any CPU.ActiveCfg = Debug|Any CPU
		{C136AA99-709C-B3AE-AAB8-AD05CCB6438D}.Debug|Any CPU.Build.0 = Debug|Any CPU
		{C136AA99-709C-B3AE-AAB8-AD05CCB6438D}.Release|Any CPU.ActiveCfg = Release|Any CPU
		{C136AA99-709C-B3AE-AAB8-AD05CCB6438D}.Release|Any CPU.Build.0 = Release|Any CPU
		{E383C6A2-6C75-0416-6116-3C035233ABFA}.Debug|Any CPU.ActiveCfg = Debug|Any CPU
		{E383C6A2-6C75-0416-6116-3C035233ABFA}.Debug|Any CPU.Build.0 = Debug|Any CPU
		{E383C6A2-6C75-0416-6116-3C035233ABFA}.Release|Any CPU.ActiveCfg = Release|Any CPU
		{E383C6A2-6C75-0416-6116-3C035233ABFA}.Release|Any CPU.Build.0 = Release|Any CPU
	EndGlobalSection
	GlobalSection(SolutionProperties) = preSolution
		HideSolutionNode = FALSE
	EndGlobalSection
	GlobalSection(NestedProjects) = preSolution
		{69F3A134-5486-D476-EA5D-41AA4B24BCC2} = {871BE218-8F83-E3CD-0B70-B1CC1745EA7C}
		{A7F8A632-8EEA-5923-817D-58878C1A8DD8} = {69F3A134-5486-D476-EA5D-41AA4B24BCC2}
		{C136AA99-709C-B3AE-AAB8-AD05CCB6438D} = {A7F8A632-8EEA-5923-817D-58878C1A8DD8}
		{E383C6A2-6C75-0416-6116-3C035233ABFA} = {69F3A134-5486-D476-EA5D-41AA4B24BCC2}
	EndGlobalSection
	GlobalSection(ExtensibilityGlobals) = postSolution
		SolutionGuid = {E228330C-02BA-4D78-BE40-078DECCCF424}
	EndGlobalSection
EndGlobal
